// !$*UTF8*$!
{
	archiveVersion = 1;
	classes = {
	};
	objectVersion = 46;
	objects = {

/* Begin PBXBuildFile section */
		264AE09F1C88ED0400EC86E4 /* AppDelegate.swift in Sources */ = {isa = PBXBuildFile; fileRef = 264AE09E1C88ED0300EC86E4 /* AppDelegate.swift */; };
		264AE0A11C88ED0400EC86E4 /* ViewController.swift in Sources */ = {isa = PBXBuildFile; fileRef = 264AE0A01C88ED0400EC86E4 /* ViewController.swift */; };
		264AE0A41C88ED0400EC86E4 /* Main.storyboard in Resources */ = {isa = PBXBuildFile; fileRef = 264AE0A21C88ED0400EC86E4 /* Main.storyboard */; };
		264AE0A71C88ED0400EC86E4 /* TicTacToe.xcdatamodeld in Sources */ = {isa = PBXBuildFile; fileRef = 264AE0A51C88ED0400EC86E4 /* TicTacToe.xcdatamodeld */; };
		264AE0A91C88ED0400EC86E4 /* Assets.xcassets in Resources */ = {isa = PBXBuildFile; fileRef = 264AE0A81C88ED0400EC86E4 /* Assets.xcassets */; };
		264AE0AC1C88ED0400EC86E4 /* LaunchScreen.storyboard in Resources */ = {isa = PBXBuildFile; fileRef = 264AE0AA1C88ED0400EC86E4 /* LaunchScreen.storyboard */; };
		264AE0B61C88F1D300EC86E4 /* board@2x.png in Resources */ = {isa = PBXBuildFile; fileRef = 264AE0B31C88F1D300EC86E4 /* board@2x.png */; };
		264AE0B71C88F1D300EC86E4 /* cross@2x.png in Resources */ = {isa = PBXBuildFile; fileRef = 264AE0B41C88F1D300EC86E4 /* cross@2x.png */; };
		264AE0B81C88F1D300EC86E4 /* nought@2x.png in Resources */ = {isa = PBXBuildFile; fileRef = 264AE0B51C88F1D300EC86E4 /* nought@2x.png */; };
/* End PBXBuildFile section */

/* Begin PBXFileReference section */
		264AE09B1C88ED0300EC86E4 /* TicTacToe.app */ = {isa = PBXFileReference; explicitFileType = wrapper.application; includeInIndex = 0; path = TicTacToe.app; sourceTree = BUILT_PRODUCTS_DIR; };
		264AE09E1C88ED0300EC86E4 /* AppDelegate.swift */ = {isa = PBXFileReference; lastKnownFileType = sourcecode.swift; path = AppDelegate.swift; sourceTree = "<group>"; };
		264AE0A01C88ED0400EC86E4 /* ViewController.swift */ = {isa = PBXFileReference; lastKnownFileType = sourcecode.swift; path = ViewController.swift; sourceTree = "<group>"; };
		264AE0A31C88ED0400EC86E4 /* Base */ = {isa = PBXFileReference; lastKnownFileType = file.storyboard; name = Base; path = Base.lproj/Main.storyboard; sourceTree = "<group>"; };
		264AE0A61C88ED0400EC86E4 /* TicTacToe.xcdatamodel */ = {isa = PBXFileReference; lastKnownFileType = wrapper.xcdatamodel; path = TicTacToe.xcdatamodel; sourceTree = "<group>"; };
		264AE0A81C88ED0400EC86E4 /* Assets.xcassets */ = {isa = PBXFileReference; lastKnownFileType = folder.assetcatalog; path = Assets.xcassets; sourceTree = "<group>"; };
		264AE0AB1C88ED0400EC86E4 /* Base */ = {isa = PBXFileReference; lastKnownFileType = file.storyboard; name = Base; path = Base.lproj/LaunchScreen.storyboard; sourceTree = "<group>"; };
		264AE0AD1C88ED0400EC86E4 /* Info.plist */ = {isa = PBXFileReference; lastKnownFileType = text.plist.xml; path = Info.plist; sourceTree = "<group>"; };
		264AE0B31C88F1D300EC86E4 /* board@2x.png */ = {isa = PBXFileReference; lastKnownFileType = image.png; path = "board@2x.png"; sourceTree = "<group>"; };
		264AE0B41C88F1D300EC86E4 /* cross@2x.png */ = {isa = PBXFileReference; lastKnownFileType = image.png; path = "cross@2x.png"; sourceTree = "<group>"; };
		264AE0B51C88F1D300EC86E4 /* nought@2x.png */ = {isa = PBXFileReference; lastKnownFileType = image.png; path = "nought@2x.png"; sourceTree = "<group>"; };
/* End PBXFileReference section */

/* Begin PBXFrameworksBuildPhase section */
		264AE0981C88ED0300EC86E4 /* Frameworks */ = {
			isa = PBXFrameworksBuildPhase;
			buildActionMask = 2147483647;
			files = (
			);
			runOnlyForDeploymentPostprocessing = 0;
		};
/* End PBXFrameworksBuildPhase section */

/* Begin PBXGroup section */
		264AE0921C88ED0300EC86E4 = {
			isa = PBXGroup;
			children = (
				264AE09D1C88ED0300EC86E4 /* TicTacToe */,
				264AE09C1C88ED0300EC86E4 /* Products */,
			);
			sourceTree = "<group>";
		};
		264AE09C1C88ED0300EC86E4 /* Products */ = {
			isa = PBXGroup;
			children = (
				264AE09B1C88ED0300EC86E4 /* TicTacToe.app */,
			);
			name = Products;
			sourceTree = "<group>";
		};
		264AE09D1C88ED0300EC86E4 /* TicTacToe */ = {
			isa = PBXGroup;
			children = (
				264AE09E1C88ED0300EC86E4 /* AppDelegate.swift */,
				264AE0A01C88ED0400EC86E4 /* ViewController.swift */,
				264AE0A21C88ED0400EC86E4 /* Main.storyboard */,
				264AE0A81C88ED0400EC86E4 /* Assets.xcassets */,
				264AE0B31C88F1D300EC86E4 /* board@2x.png */,
				264AE0B41C88F1D300EC86E4 /* cross@2x.png */,
				264AE0B51C88F1D300EC86E4 /* nought@2x.png */,
				264AE0AA1C88ED0400EC86E4 /* LaunchScreen.storyboard */,
				264AE0AD1C88ED0400EC86E4 /* Info.plist */,
				264AE0A51C88ED0400EC86E4 /* TicTacToe.xcdatamodeld */,
			);
			path = TicTacToe;
			sourceTree = "<group>";
		};
/* End PBXGroup section */

/* Begin PBXNativeTarget section */
		264AE09A1C88ED0300EC86E4 /* TicTacToe */ = {
			isa = PBXNativeTarget;
			buildConfigurationList = 264AE0B01C88ED0400EC86E4 /* Build configuration list for PBXNativeTarget "TicTacToe" */;
			buildPhases = (
				264AE0971C88ED0300EC86E4 /* Sources */,
				264AE0981C88ED0300EC86E4 /* Frameworks */,
				264AE0991C88ED0300EC86E4 /* Resources */,
			);
			buildRules = (
			);
			dependencies = (
			);
			name = TicTacToe;
			productName = TicTacToe;
			productReference = 264AE09B1C88ED0300EC86E4 /* TicTacToe.app */;
			productType = "com.apple.product-type.application";
		};
/* End PBXNativeTarget section */

/* Begin PBXProject section */
		264AE0931C88ED0300EC86E4 /* Project object */ = {
			isa = PBXProject;
			attributes = {
				LastSwiftUpdateCheck = 0720;
				LastUpgradeCheck = 0720;
				ORGANIZATIONNAME = SixtySticks;
				TargetAttributes = {
					264AE09A1C88ED0300EC86E4 = {
						CreatedOnToolsVersion = 7.2.1;
					};
				};
			};
			buildConfigurationList = 264AE0961C88ED0300EC86E4 /* Build configuration list for PBXProject "TicTacToe" */;
			compatibilityVersion = "Xcode 3.2";
			developmentRegion = English;
			hasScannedForEncodings = 0;
			knownRegions = (
				en,
				Base,
			);
			mainGroup = 264AE0921C88ED0300EC86E4;
			productRefGroup = 264AE09C1C88ED0300EC86E4 /* Products */;
			projectDirPath = "";
			projectRoot = "";
			targets = (
				264AE09A1C88ED0300EC86E4 /* TicTacToe */,
			);
		};
/* End PBXProject section */

/* Begin PBXResourcesBuildPhase section */
		264AE0991C88ED0300EC86E4 /* Resources */ = {
			isa = PBXResourcesBuildPhase;
			buildActionMask = 2147483647;
			files = (
				264AE0B71C88F1D300EC86E4 /* cross@2x.png in Resources */,
				264AE0AC1C88ED0400EC86E4 /* LaunchScreen.storyboard in Resources */,
				264AE0B61C88F1D300EC86E4 /* board@2x.png in Resources */,
				264AE0A91C88ED0400EC86E4 /* Assets.xcassets in Resources */,
				264AE0A41C88ED0400EC86E4 /* Main.storyboard in Resources */,
				264AE0B81C88F1D300EC86E4 /* nought@2x.png in Resources */,
			);
			runOnlyForDeploymentPostprocessing = 0;
		};
/* End PBXResourcesBuildPhase section */

/* Begin PBXSourcesBuildPhase section */
		264AE0971C88ED0300EC86E4 /* Sources */ = {
			isa = PBXSourcesBuildPhase;
			buildActionMask = 2147483647;
			files = (
				264AE0A71C88ED0400EC86E4 /* TicTacToe.xcdatamodeld in Sources */,
				264AE0A11C88ED0400EC86E4 /* ViewController.swift in Sources */,
				264AE09F1C88ED0400EC86E4 /* AppDelegate.swift in Sources */,
			);
			runOnlyForDeploymentPostprocessing = 0;
		};
/* End PBXSourcesBuildPhase section */

/* Begin PBXVariantGroup section */
		264AE0A21C88ED0400EC86E4 /* Main.storyboard */ = {
			isa = PBXVariantGroup;
			children = (
				264AE0A31C88ED0400EC86E4 /* Base */,
			);
			name = Main.storyboard;
			sourceTree = "<group>";
		};
		264AE0AA1C88ED0400EC86E4 /* LaunchScreen.storyboard */ = {
			isa = PBXVariantGroup;
			children = (
				264AE0AB1C88ED0400EC86E4 /* Base */,
			);
			name = LaunchScreen.storyboard;
			sourceTree = "<group>";
		};
/* End PBXVariantGroup section */

/* Begin XCBuildConfiguration section */
		264AE0AE1C88ED0400EC86E4 /* Debug */ = {
			isa = XCBuildConfiguration;
			buildSettings = {
				ALWAYS_SEARCH_USER_PATHS = NO;
				CLANG_CXX_LANGUAGE_STANDARD = "gnu++0x";
				CLANG_CXX_LIBRARY = "libc++";
				CLANG_ENABLE_MODULES = YES;
				CLANG_ENABLE_OBJC_ARC = YES;
				CLANG_WARN_BOOL_CONVERSION = YES;
				CLANG_WARN_CONSTANT_CONVERSION = YES;
				CLANG_WARN_DIRECT_OBJC_ISA_USAGE = YES_ERROR;
				CLANG_WARN_EMPTY_BODY = YES;
				CLANG_WARN_ENUM_CONVERSION = YES;
				CLANG_WARN_INT_CONVERSION = YES;
				CLANG_WARN_OBJC_ROOT_CLASS = YES_ERROR;
				CLANG_WARN_UNREACHABLE_CODE = YES;
				CLANG_WARN__DUPLICATE_METHOD_MATCH = YES;
				"CODE_SIGN_IDENTITY[sdk=iphoneos*]" = "iPhone Developer";
				COPY_PHASE_STRIP = NO;
				DEBUG_INFORMATION_FORMAT = dwarf;
				ENABLE_STRICT_OBJC_MSGSEND = YES;
				ENABLE_TESTABILITY = YES;
				GCC_C_LANGUAGE_STANDARD = gnu99;
				GCC_DYNAMIC_NO_PIC = NO;
				GCC_NO_COMMON_BLOCKS = YES;
				GCC_OPTIMIZATION_LEVEL = 0;
				GCC_PREPROCESSOR_DEFINITIONS = (
					"DEBUG=1",
					"$(inherited)",
				);
				GCC_WARN_64_TO_32_BIT_CONVERSION = YES;
				GCC_WARN_ABOUT_RETURN_TYPE = YES_ERROR;
				GCC_WARN_UNDECLARED_SELECTOR = YES;
				GCC_WARN_UNINITIALIZED_AUTOS = YES_AGGRESSIVE;
				GCC_WARN_UNUSED_FUNCTION = YES;
				GCC_WARN_UNUSED_VARIABLE = YES;
				IPHONEOS_DEPLOYMENT_TARGET = 9.2;
				MTL_ENABLE_DEBUG_INFO = YES;
				ONLY_ACTIVE_ARCH = YES;
				SDKROOT = iphoneos;
				SWIFT_OPTIMIZATION_LEVEL = "-Onone";
				TARGETED_DEVICE_FAMILY = "1,2";
			};
			name = Debug;
		};
		264AE0AF1C88ED0400EC86E4 /* Release */ = {
			isa = XCBuildConfiguration;
			buildSettings = {
				ALWAYS_SEARCH_USER_PATHS = NO;
				CLANG_CXX_LANGUAGE_STANDARD = "gnu++0x";
				CLANG_CXX_LIBRARY = "libc++";
				CLANG_ENABLE_MODULES = YES;
				CLANG_ENABLE_OBJC_ARC = YES;
				CLANG_WARN_BOOL_CONVERSION = YES;
				CLANG_WARN_CONSTANT_CONVERSION = YES;
				CLANG_WARN_DIRECT_OBJC_ISA_USAGE = YES_ERROR;
				CLANG_WARN_EMPTY_BODY = YES;
				CLANG_WARN_ENUM_CONVERSION = YES;
				CLANG_WARN_INT_CONVERSION = YES;
				CLANG_WARN_OBJC_ROOT_CLASS = YES_ERROR;
				CLANG_WARN_UNREACHABLE_CODE = YES;
				CLANG_WARN__DUPLICATE_METHOD_MATCH = YES;
				"CODE_SIGN_IDENTITY[sdk=iphoneos*]" = "iPhone Developer";
				COPY_PHASE_STRIP = NO;
				DEBUG_INFORMATION_FORMAT = "dwarf-with-dsym";
				ENABLE_NS_ASSERTIONS = NO;
				ENABLE_STRICT_OBJC_MSGSEND = YES;
				GCC_C_LANGUAGE_STANDARD = gnu99;
				GCC_NO_COMMON_BLOCKS = YES;
				GCC_WARN_64_TO_32_BIT_CONVERSION = YES;
				GCC_WARN_ABOUT_RETURN_TYPE = YES_ERROR;
				GCC_WARN_UNDECLARED_SELECTOR = YES;
				GCC_WARN_UNINITIALIZED_AUTOS = YES_AGGRESSIVE;
				GCC_WARN_UNUSED_FUNCTION = YES;
				GCC_WARN_UNUSED_VARIABLE = YES;
				IPHONEOS_DEPLOYMENT_TARGET = 9.2;
				MTL_ENABLE_DEBUG_INFO = NO;
				SDKROOT = iphoneos;
				TARGETED_DEVICE_FAMILY = "1,2";
				VALIDATE_PRODUCT = YES;
			};
			name = Release;
		};
		264AE0B11C88ED0400EC86E4 /* Debug */ = {
			isa = XCBuildConfiguration;
			buildSettings = {
				ASSETCATALOG_COMPILER_APPICON_NAME = AppIcon;
				INFOPLIST_FILE = TicTacToe/Info.plist;
				LD_RUNPATH_SEARCH_PATHS = "$(inherited) @executable_path/Frameworks";
				PRODUCT_BUNDLE_IDENTIFIER = com.sixtysticks.TicTacToe;
				PRODUCT_NAME = "$(TARGET_NAME)";
			};
			name = Debug;
		};
		264AE0B21C88ED0400EC86E4 /* Release */ = {
			isa = XCBuildConfiguration;
			buildSettings = {
				ASSETCATALOG_COMPILER_APPICON_NAME = AppIcon;
				INFOPLIST_FILE = TicTacToe/Info.plist;
				LD_RUNPATH_SEARCH_PATHS = "$(inherited) @executable_path/Frameworks";
				PRODUCT_BUNDLE_IDENTIFIER = com.sixtysticks.TicTacToe;
				PRODUCT_NAME = "$(TARGET_NAME)";
			};
			name = Release;
		};
/* End XCBuildConfiguration section */

/* Begin XCConfigurationList section */
		264AE0961C88ED0300EC86E4 /* Build configuration list for PBXProject "TicTacToe" */ = {
			isa = XCConfigurationList;
			buildConfigurations = (
				264AE0AE1C88ED0400EC86E4 /* Debug */,
				264AE0AF1C88ED0400EC86E4 /* Release */,
			);
			defaultConfigurationIsVisible = 0;
			defaultConfigurationName = Release;
		};
		264AE0B01C88ED0400EC86E4 /* Build configuration list for PBXNativeTarget "TicTacToe" */ = {
			isa = XCConfigurationList;
			buildConfigurations = (
				264AE0B11C88ED0400EC86E4 /* Debug */,
				264AE0B21C88ED0400EC86E4 /* Release */,
			);
			defaultConfigurationIsVisible = 0;
		};
/* End XCConfigurationList section */

/* Begin XCVersionGroup section */
		264AE0A51C88ED0400EC86E4 /* TicTacToe.xcdatamodeld */ = {
			isa = XCVersionGroup;
			children = (
				264AE0A61C88ED0400EC86E4 /* TicTacToe.xcdatamodel */,
			);
			currentVersion = 264AE0A61C88ED0400EC86E4 /* TicTacToe.xcdatamodel */;
			path = TicTacToe.xcdatamodeld;
			sourceTree = "<group>";
			versionGroupType = wrapper.xcdatamodel;
		};
/* End XCVersionGroup section */
	};
	rootObject = 264AE0931C88ED0300EC86E4 /* Project object */;
}
